{
  "name": "Awesome-CV",
  "lockfileVersion": 3,
  "requires": true,
  "packages": {
    "": {
      "devDependencies": {
        "prettier": "^3.3.3",
        "prettier-plugin-latex": "^2.0.1"
      }
    },
    "node_modules/@types/unist": {
      "version": "2.0.11",
      "resolved": "https://registry.npmjs.org/@types/unist/-/unist-2.0.11.tgz",
      "integrity": "sha512-CmBKiL6NNo/OqgmMn95Fk9Whlp2mtvIv+KNpQKN2F4SjvrEesubTRWGYSg+BnWZOnlCaSTU1sMpsBOzgbYhnsA==",
      "dev": true
    },
    "node_modules/@unified-latex/unified-latex-builder": {
      "version": "1.8.0",
      "resolved": "https://registry.npmjs.org/@unified-latex/unified-latex-builder/-/unified-latex-builder-1.8.0.tgz",
      "integrity": "sha512-1s5MIan/qaYeqJI1Tk3bfUwdkk0jIrQXRJt0dF0j3JWT9RG60WbiXp+593eOJgFYJtn+h3FdM0bvalfa+ZzTXg==",
      "dev": true,
      "dependencies": {
        "@unified-latex/unified-latex-types": "^1.8.0"
      }
    },
    "node_modules/@unified-latex/unified-latex-ctan": {
      "version": "1.8.1",
      "resolved": "https://registry.npmjs.org/@unified-latex/unified-latex-ctan/-/unified-latex-ctan-1.8.1.tgz",
      "integrity": "sha512-doCNkEpfBClt6jVeN88d8nt3a4xt30vWHY7rKKY9JcvQC1S9I9NGsr3ebPVGYmT0sxk6gBvohPVc5Kddo027nQ==",
      "dev": true,
      "dependencies": {
        "@unified-latex/unified-latex-builder": "^1.8.0",
        "@unified-latex/unified-latex-types": "^1.8.0",
        "@unified-latex/unified-latex-util-argspec": "^1.8.1",
        "@unified-latex/unified-latex-util-arguments": "^1.8.1",
        "@unified-latex/unified-latex-util-comments": "^1.8.0",
        "@unified-latex/unified-latex-util-match": "^1.8.0",
        "@unified-latex/unified-latex-util-pegjs": "^1.8.1",
        "@unified-latex/unified-latex-util-print-raw": "^1.8.0",
        "@unified-latex/unified-latex-util-render-info": "^1.8.0",
        "@unified-latex/unified-latex-util-replace": "^1.8.0",
        "@unified-latex/unified-latex-util-scan": "^1.8.0",
        "@unified-latex/unified-latex-util-split": "^1.8.0",
        "@unified-latex/unified-latex-util-trim": "^1.8.0",
        "@unified-latex/unified-latex-util-visit": "^1.8.0",
        "color": "^4.2.3"
      }
    },
    "node_modules/@unified-latex/unified-latex-prettier": {
      "version": "2.4.2",
      "resolved": "https://registry.npmjs.org/@unified-latex/unified-latex-prettier/-/unified-latex-prettier-2.4.2.tgz",
      "integrity": "sha512-gMvlKGiGi9zOWVHXPhzeURhPYwPIJ7MBht42et/sVb4Z2wTjhcn+bU7kookT067ywOptVZNBgJw+iAgSORAd+w==",
      "deprecated": "Incorrect version number",
      "dev": true,
      "dependencies": {
        "@unified-latex/unified-latex-ctan": "^1.4.1",
        "@unified-latex/unified-latex-types": "^1.3.1",
        "@unified-latex/unified-latex-util-align": "^1.4.0",
        "@unified-latex/unified-latex-util-match": "^1.4.0",
        "@unified-latex/unified-latex-util-parse": "^1.4.1",
        "@unified-latex/unified-latex-util-pgfkeys": "^1.4.0",
        "@unified-latex/unified-latex-util-print-raw": "^1.4.0",
        "@unified-latex/unified-latex-util-trim": "^1.4.0",
        "@unified-latex/unified-latex-util-visit": "^1.4.0",
        "prettier": "^3.0.3",
        "unified": "^10.1.2"
      }
    },
    "node_modules/@unified-latex/unified-latex-types": {
      "version": "1.8.0",
      "resolved": "https://registry.npmjs.org/@unified-latex/unified-latex-types/-/unified-latex-types-1.8.0.tgz",
      "integrity": "sha512-GLJbBmmfDOWtdEbpQCLb7++zPxXin36aC9XOVCuiVNMR9VYv3szOJa+ZdTilVCFHpOeFhKh6zRws96vJgz2tGA==",
      "dev": true
    },
    "node_modules/@unified-latex/unified-latex-util-align": {
      "version": "1.8.1",
      "resolved": "https://registry.npmjs.org/@unified-latex/unified-latex-util-align/-/unified-latex-util-align-1.8.1.tgz",
      "integrity": "sha512-csJxLrvziRc5ZkhcRsYI7gSQBGC4fXucPtwNkTscbSIy7PfYF7BfWBPc61sb9jXQg4T4R6MLdG/Tz6Pgb6z1bw==",
      "dev": true,
      "dependencies": {
        "@unified-latex/unified-latex-types": "^1.8.0",
        "@unified-latex/unified-latex-util-match": "^1.8.0",
        "@unified-latex/unified-latex-util-pegjs": "^1.8.1"
      }
    },
    "node_modules/@unified-latex/unified-latex-util-argspec": {
      "version": "1.8.1",
      "resolved": "https://registry.npmjs.org/@unified-latex/unified-latex-util-argspec/-/unified-latex-util-argspec-1.8.1.tgz",
      "integrity": "sha512-fEHtg0gUbqTCRQXsx21YA7C7CRZC+LJtPQmG4UCLVlwlfF4l9KZ0oxt0XWPIxV5bLj79otGR0nJEqdxMDuNtYA==",
      "dev": true,
      "dependencies": {
        "@unified-latex/unified-latex-util-pegjs": "^1.8.1"
      }
    },
    "node_modules/@unified-latex/unified-latex-util-arguments": {
      "version": "1.8.1",
      "resolved": "https://registry.npmjs.org/@unified-latex/unified-latex-util-arguments/-/unified-latex-util-arguments-1.8.1.tgz",
      "integrity": "sha512-BrU+MOVAzrViiS3he5f9I8l3ZVL5hUEEFaFM8kvrzX3EGEfwjiFTpJu6Z0xzuYvIIxi9hkoVMr54MBFRmE1+tA==",
      "dev": true,
      "dependencies": {
        "@unified-latex/unified-latex-builder": "^1.8.0",
        "@unified-latex/unified-latex-types": "^1.8.0",
        "@unified-latex/unified-latex-util-argspec": "^1.8.1",
        "@unified-latex/unified-latex-util-match": "^1.8.0",
        "@unified-latex/unified-latex-util-render-info": "^1.8.0",
        "@unified-latex/unified-latex-util-scan": "^1.8.0",
        "@unified-latex/unified-latex-util-visit": "^1.8.0",
        "unified": "^10.1.2"
      }
    },
    "node_modules/@unified-latex/unified-latex-util-catcode": {
      "version": "1.8.0",
      "resolved": "https://registry.npmjs.org/@unified-latex/unified-latex-util-catcode/-/unified-latex-util-catcode-1.8.0.tgz",
      "integrity": "sha512-8VJX3ZpRsGl5fGsQkmL6s9oocLos7O8LPNueHhiQOfXRHLCorI5llQxDUPqDcjQ2kfM4oos/5WLGPgf6pzAIhQ==",
      "dev": true,
      "dependencies": {
        "@unified-latex/unified-latex-types": "^1.8.0",
        "@unified-latex/unified-latex-util-match": "^1.8.0",
        "@unified-latex/unified-latex-util-visit": "^1.8.0"
      }
    },
    "node_modules/@unified-latex/unified-latex-util-comments": {
      "version": "1.8.0",
      "resolved": "https://registry.npmjs.org/@unified-latex/unified-latex-util-comments/-/unified-latex-util-comments-1.8.0.tgz",
      "integrity": "sha512-EQxcQknRbFf7nUqZ9zus6oC0zEWL1sgvziwl/nTTnSsefII0pGMKRw7jBI+Hqr4/U5+RzDYTeCIhP6FVQhHGMw==",
      "dev": true,
      "dependencies": {
        "@unified-latex/unified-latex-types": "^1.8.0",
        "@unified-latex/unified-latex-util-match": "^1.8.0",
        "@unified-latex/unified-latex-util-replace": "^1.8.0"
      }
    },
    "node_modules/@unified-latex/unified-latex-util-environments": {
      "version": "1.8.1",
      "resolved": "https://registry.npmjs.org/@unified-latex/unified-latex-util-environments/-/unified-latex-util-environments-1.8.1.tgz",
      "integrity": "sha512-UFn6m9jbPzQm+pj/Vm46VcJ3QnUJv73JsEcRYKI8GOh7gmHKFN+hWUHinQ/IPD5da7m10A2o9eGWd4So5E5QwQ==",
      "dev": true,
      "dependencies": {
        "@unified-latex/unified-latex-types": "^1.8.0",
        "@unified-latex/unified-latex-util-arguments": "^1.8.1",
        "@unified-latex/unified-latex-util-match": "^1.8.0",
        "@unified-latex/unified-latex-util-print-raw": "^1.8.0",
        "@unified-latex/unified-latex-util-render-info": "^1.8.0",
        "@unified-latex/unified-latex-util-visit": "^1.8.0",
        "unified": "^10.1.2"
      }
    },
    "node_modules/@unified-latex/unified-latex-util-match": {
      "version": "1.8.0",
      "resolved": "https://registry.npmjs.org/@unified-latex/unified-latex-util-match/-/unified-latex-util-match-1.8.0.tgz",
      "integrity": "sha512-fjuLI1KVhWTHkfWn0kR8/RhM2oD2hxWhzgskUMLJ/IZMye9ESvVo8ItG4y+BtpwGFWpTmCtpMNXHjknIQxza9Q==",
      "dev": true,
      "dependencies": {
        "@unified-latex/unified-latex-types": "^1.8.0",
        "@unified-latex/unified-latex-util-print-raw": "^1.8.0"
      }
    },
    "node_modules/@unified-latex/unified-latex-util-parse": {
      "version": "1.8.1",
      "resolved": "https://registry.npmjs.org/@unified-latex/unified-latex-util-parse/-/unified-latex-util-parse-1.8.1.tgz",
      "integrity": "sha512-5fbVouRZXWtIYth5awwAd0zbO+aYEmyXGGlUeczglN8QRudhaiKe7X/ozqtBs0GnZiPeu3FbFRSelErKivVYdQ==",
      "dev": true,
      "dependencies": {
        "@unified-latex/unified-latex-ctan": "^1.8.1",
        "@unified-latex/unified-latex-types": "^1.8.0",
        "@unified-latex/unified-latex-util-arguments": "^1.8.1",
        "@unified-latex/unified-latex-util-catcode": "^1.8.0",
        "@unified-latex/unified-latex-util-environments": "^1.8.1",
        "@unified-latex/unified-latex-util-match": "^1.8.0",
        "@unified-latex/unified-latex-util-pegjs": "^1.8.1",
        "@unified-latex/unified-latex-util-print-raw": "^1.8.0",
        "@unified-latex/unified-latex-util-trim": "^1.8.0",
        "@unified-latex/unified-latex-util-visit": "^1.8.0",
        "unified": "^10.1.2"
      }
    },
    "node_modules/@unified-latex/unified-latex-util-pegjs": {
      "version": "1.8.1",
      "resolved": "https://registry.npmjs.org/@unified-latex/unified-latex-util-pegjs/-/unified-latex-util-pegjs-1.8.1.tgz",
      "integrity": "sha512-1N6WknnzKGACFCmgaEZ2j89j5C2dKhmAOCfy6moD+AMm6nUb69Xp9pJ1jDfqz+Uz9+zRo5I6ksr6q5GgmAJvtw==",
      "dev": true,
      "dependencies": {
        "@unified-latex/unified-latex-types": "^1.8.0",
        "@unified-latex/unified-latex-util-match": "^1.8.0"
      }
    },
    "node_modules/@unified-latex/unified-latex-util-pgfkeys": {
      "version": "1.8.1",
      "resolved": "https://registry.npmjs.org/@unified-latex/unified-latex-util-pgfkeys/-/unified-latex-util-pgfkeys-1.8.1.tgz",
      "integrity": "sha512-VwZeUzmPgKwO2sZ9xx4Ul0Mp82DVdWg32krOlH9dzW4ZQDOBTnRtvx6LQmg9b7Iz3F2pHLYU0LCCaJlvFNBm1A==",
      "dev": true,
      "dependencies": {
        "@unified-latex/unified-latex-types": "^1.8.0",
        "@unified-latex/unified-latex-util-match": "^1.8.0",
        "@unified-latex/unified-latex-util-pegjs": "^1.8.1",
        "@unified-latex/unified-latex-util-print-raw": "^1.8.0"
      }
    },
    "node_modules/@unified-latex/unified-latex-util-print-raw": {
      "version": "1.8.0",
      "resolved": "https://registry.npmjs.org/@unified-latex/unified-latex-util-print-raw/-/unified-latex-util-print-raw-1.8.0.tgz",
      "integrity": "sha512-lMuLqnHXCDNqrjslf6hBAA2McEI+oaaxvjA9zfeAeWZyZh+DUJjkmwiuxYejwHHKbQvqzregNP4wtb9OvaC21g==",
      "dev": true,
      "dependencies": {
        "@unified-latex/unified-latex-types": "^1.8.0"
      }
    },
    "node_modules/@unified-latex/unified-latex-util-render-info": {
      "version": "1.8.0",
      "resolved": "https://registry.npmjs.org/@unified-latex/unified-latex-util-render-info/-/unified-latex-util-render-info-1.8.0.tgz",
      "integrity": "sha512-8rkCQ1chHBwGee/jRxM0Qtvru4Z9bv738oVmi4f+2QDnpxMMwj774EXMXnVOo982OM7e8ZTosH6IXcN6KehyzQ==",
      "dev": true,
      "dependencies": {
        "@unified-latex/unified-latex-types": "^1.8.0",
        "@unified-latex/unified-latex-util-visit": "^1.8.0"
      }
    },
    "node_modules/@unified-latex/unified-latex-util-replace": {
      "version": "1.8.0",
      "resolved": "https://registry.npmjs.org/@unified-latex/unified-latex-util-replace/-/unified-latex-util-replace-1.8.0.tgz",
      "integrity": "sha512-F3WRwWZPbdYqy58qGpSpA0wXRh/1vdbuCK4/Gi/Mxbc/LvrzJKEc5H6lgB0SsrLgPybr3lzRmUCvuzSI3vC+3g==",
      "dev": true,
      "dependencies": {
        "@unified-latex/unified-latex-types": "^1.8.0",
        "@unified-latex/unified-latex-util-match": "^1.8.0",
        "@unified-latex/unified-latex-util-split": "^1.8.0",
        "@unified-latex/unified-latex-util-trim": "^1.8.0",
        "@unified-latex/unified-latex-util-visit": "^1.8.0",
        "unified": "^10.1.2"
      }
    },
    "node_modules/@unified-latex/unified-latex-util-scan": {
      "version": "1.8.0",
      "resolved": "https://registry.npmjs.org/@unified-latex/unified-latex-util-scan/-/unified-latex-util-scan-1.8.0.tgz",
      "integrity": "sha512-4WWDTcLOhlkZsGmGl/IZA0Jg2rTitVwGf6ktxs57AyuCEdzHA5ZeNwzSewW8wpHQdLfnPX+LNEnaukwEdWfF1g==",
      "dev": true,
      "dependencies": {
        "@unified-latex/unified-latex-types": "^1.8.0",
        "@unified-latex/unified-latex-util-match": "^1.8.0",
        "@unified-latex/unified-latex-util-print-raw": "^1.8.0",
        "trie-prefix-tree": "^1.5.1"
      }
    },
    "node_modules/@unified-latex/unified-latex-util-split": {
      "version": "1.8.0",
      "resolved": "https://registry.npmjs.org/@unified-latex/unified-latex-util-split/-/unified-latex-util-split-1.8.0.tgz",
      "integrity": "sha512-gRlRge72wcvLRs6bEoVbh0fDACbkioEPDJOr7XaCuQqjNNu1VTXlcvImZQVXCdMG6CJ4lqiaJRwnUupK4rsmsA==",
      "dev": true,
      "dependencies": {
        "@unified-latex/unified-latex-types": "^1.8.0",
        "@unified-latex/unified-latex-util-match": "^1.8.0"
      }
    },
    "node_modules/@unified-latex/unified-latex-util-trim": {
      "version": "1.8.0",
      "resolved": "https://registry.npmjs.org/@unified-latex/unified-latex-util-trim/-/unified-latex-util-trim-1.8.0.tgz",
      "integrity": "sha512-jZYPJxkZkcQV49lOMJonGD7G3tgUFyJ0A54AGb0Rvpj05feaCzTL5TN7GGiow0pfAqpnolGDcCVmtFm8nlrmAA==",
      "dev": true,
      "dependencies": {
        "@unified-latex/unified-latex-types": "^1.8.0",
        "@unified-latex/unified-latex-util-match": "^1.8.0",
        "@unified-latex/unified-latex-util-visit": "^1.8.0",
        "unified": "^10.1.2"
      }
    },
    "node_modules/@unified-latex/unified-latex-util-visit": {
      "version": "1.8.0",
      "resolved": "https://registry.npmjs.org/@unified-latex/unified-latex-util-visit/-/unified-latex-util-visit-1.8.0.tgz",
      "integrity": "sha512-kCmeZMQCC5yRUzTLW30Ulr1RvsXVJ2ar2JB9OWSzu3oXRNVcB7Ga34GGGQuBhS7WXEqcqcqAiArfgJKdA1yIIA==",
      "dev": true,
      "dependencies": {
        "@unified-latex/unified-latex-types": "^1.8.0",
        "@unified-latex/unified-latex-util-match": "^1.8.0"
      }
    },
    "node_modules/bail": {
      "version": "2.0.2",
      "resolved": "https://registry.npmjs.org/bail/-/bail-2.0.2.tgz",
      "integrity": "sha512-0xO6mYd7JB2YesxDKplafRpsiOzPt9V02ddPCLbY1xYGPOX24NTyN50qnUxgCPcSoYMhKpAuBTjQoRZCAkUDRw==",
      "dev": true,
      "funding": {
        "type": "github",
        "url": "https://github.com/sponsors/wooorm"
      }
    },
    "node_modules/color": {
      "version": "4.2.3",
      "resolved": "https://registry.npmjs.org/color/-/color-4.2.3.tgz",
      "integrity": "sha512-1rXeuUUiGGrykh+CeBdu5Ie7OJwinCgQY0bc7GCRxy5xVHy+moaqkpL/jqQq0MtQOeYcrqEz4abc5f0KtU7W4A==",
      "dev": true,
      "dependencies": {
        "color-convert": "^2.0.1",
        "color-string": "^1.9.0"
      },
      "engines": {
        "node": ">=12.5.0"
      }
    },
    "node_modules/color-convert": {
      "version": "2.0.1",
      "resolved": "https://registry.npmjs.org/color-convert/-/color-convert-2.0.1.tgz",
      "integrity": "sha512-RRECPsj7iu/xb5oKYcsFHSppFNnsj/52OVTRKb4zP5onXwVF3zVmmToNcOfGC+CRDpfK/U584fMg38ZHCaElKQ==",
      "dev": true,
      "dependencies": {
        "color-name": "~1.1.4"
      },
      "engines": {
        "node": ">=7.0.0"
      }
    },
    "node_modules/color-name": {
      "version": "1.1.4",
      "resolved": "https://registry.npmjs.org/color-name/-/color-name-1.1.4.tgz",
      "integrity": "sha512-dOy+3AuW3a2wNbZHIuMZpTcgjGuLU/uBL/ubcZF9OXbDo8ff4O8yVp5Bf0efS8uEoYo5q4Fx7dY9OgQGXgAsQA==",
      "dev": true
    },
    "node_modules/color-string": {
      "version": "1.9.1",
      "resolved": "https://registry.npmjs.org/color-string/-/color-string-1.9.1.tgz",
      "integrity": "sha512-shrVawQFojnZv6xM40anx4CkoDP+fZsw/ZerEMsW/pyzsRbElpsL/DBVW7q3ExxwusdNXI3lXpuhEZkzs8p5Eg==",
      "dev": true,
      "dependencies": {
        "color-name": "^1.0.0",
        "simple-swizzle": "^0.2.2"
      }
    },
    "node_modules/extend": {
      "version": "3.0.2",
      "resolved": "https://registry.npmjs.org/extend/-/extend-3.0.2.tgz",
      "integrity": "sha512-fjquC59cD7CyW6urNXK0FBufkZcoiGG80wTuPujX590cB5Ttln20E2UB4S/WARVqhXffZl2LNgS+gQdPIIim/g==",
      "dev": true
    },
    "node_modules/is-arrayish": {
      "version": "0.3.2",
      "resolved": "https://registry.npmjs.org/is-arrayish/-/is-arrayish-0.3.2.tgz",
      "integrity": "sha512-eVRqCvVlZbuw3GrM63ovNSNAeA1K16kaR/LRY/92w0zxQ5/1YzwblUX652i4Xs9RwAGjW9d9y6X88t8OaAJfWQ==",
      "dev": true
    },
    "node_modules/is-buffer": {
      "version": "2.0.5",
      "resolved": "https://registry.npmjs.org/is-buffer/-/is-buffer-2.0.5.tgz",
      "integrity": "sha512-i2R6zNFDwgEHJyQUtJEk0XFi1i0dPFn/oqjK3/vPCcDeJvW5NQ83V8QbicfF1SupOaB0h8ntgBC2YiE7dfyctQ==",
      "dev": true,
      "funding": [
        {
          "type": "github",
          "url": "https://github.com/sponsors/feross"
        },
        {
          "type": "patreon",
          "url": "https://www.patreon.com/feross"
        },
        {
          "type": "consulting",
          "url": "https://feross.org/support"
        }
      ],
      "engines": {
        "node": ">=4"
      }
    },
    "node_modules/is-plain-obj": {
      "version": "4.1.0",
      "resolved": "https://registry.npmjs.org/is-plain-obj/-/is-plain-obj-4.1.0.tgz",
      "integrity": "sha512-+Pgi+vMuUNkJyExiMBt5IlFoMyKnr5zhJ4Uspz58WOhBF5QoIZkFyNHIbBAtHwzVAgk5RtndVNsDRN61/mmDqg==",
      "dev": true,
      "engines": {
        "node": ">=12"
      },
      "funding": {
        "url": "https://github.com/sponsors/sindresorhus"
      }
    },
    "node_modules/prettier": {
      "version": "3.3.3",
      "resolved": "https://registry.npmjs.org/prettier/-/prettier-3.3.3.tgz",
      "integrity": "sha512-i2tDNA0O5IrMO757lfrdQZCc2jPNDVntV0m/+4whiDfWaTKfMNgR7Qz0NAeGz/nRqF4m5/6CLzbP4/liHt12Ew==",
      "dev": true,
      "bin": {
        "prettier": "bin/prettier.cjs"
      },
      "engines": {
        "node": ">=14"
      },
      "funding": {
        "url": "https://github.com/prettier/prettier?sponsor=1"
      }
    },
    "node_modules/prettier-plugin-latex": {
      "version": "2.0.1",
      "resolved": "https://registry.npmjs.org/prettier-plugin-latex/-/prettier-plugin-latex-2.0.1.tgz",
      "integrity": "sha512-xIKGN0uWU+JwGHI92ixohngGLpy2nGQhYnmTtVue/jbw+K0fFPddQ3pMXx3fjtmmUhlbZisYXehJtcJ9Ford0g==",
      "dev": true,
      "dependencies": {
        "@unified-latex/unified-latex-prettier": "^2.4.2",
        "prettier": "^3.0.3"
      },
      "engines": {
        "node": ">= 18.0"
      }
    },
    "node_modules/simple-swizzle": {
      "version": "0.2.2",
      "resolved": "https://registry.npmjs.org/simple-swizzle/-/simple-swizzle-0.2.2.tgz",
      "integrity": "sha512-JA//kQgZtbuY83m+xT+tXJkmJncGMTFT+C+g2h2R9uxkYIrE2yy9sgmcLhCnw57/WSD+Eh3J97FPEDFnbXnDUg==",
      "dev": true,
      "dependencies": {
        "is-arrayish": "^0.3.1"
      }
    },
    "node_modules/trie-prefix-tree": {
      "version": "1.5.1",
      "resolved": "https://registry.npmjs.org/trie-prefix-tree/-/trie-prefix-tree-1.5.1.tgz",
      "integrity": "sha512-Jjvj/dA97wXnabG/NLJUgo4IQMj6vucH+Qxm7of/omfWSmZlPqdRU6Ta4GmQqCZH+n3/iYZUwfvUoEhB0Hs83Q==",
      "dev": true
    },
    "node_modules/trough": {
      "version": "2.2.0",
      "resolved": "https://registry.npmjs.org/trough/-/trough-2.2.0.tgz",
      "integrity": "sha512-tmMpK00BjZiUyVyvrBK7knerNgmgvcV/KLVyuma/SC+TQN167GrMRciANTz09+k3zW8L8t60jWO1GpfkZdjTaw==",
      "dev": true,
      "funding": {
        "type": "github",
        "url": "https://github.com/sponsors/wooorm"
      }
    },
    "node_modules/unified": {
      "version": "10.1.2",
      "resolved": "https://registry.npmjs.org/unified/-/unified-10.1.2.tgz",
      "integrity": "sha512-pUSWAi/RAnVy1Pif2kAoeWNBa3JVrx0MId2LASj8G+7AiHWoKZNTomq6LG326T68U7/e263X6fTdcXIy7XnF7Q==",
      "dev": true,
      "dependencies": {
        "@types/unist": "^2.0.0",
        "bail": "^2.0.0",
        "extend": "^3.0.0",
        "is-buffer": "^2.0.0",
        "is-plain-obj": "^4.0.0",
        "trough": "^2.0.0",
        "vfile": "^5.0.0"
      },
      "funding": {
        "type": "opencollective",
        "url": "https://opencollective.com/unified"
      }
    },
    "node_modules/unist-util-stringify-position": {
      "version": "3.0.3",
      "resolved": "https://registry.npmjs.org/unist-util-stringify-position/-/unist-util-stringify-position-3.0.3.tgz",
      "integrity": "sha512-k5GzIBZ/QatR8N5X2y+drfpWG8IDBzdnVj6OInRNWm1oXrzydiaAT2OQiA8DPRRZyAKb9b6I2a6PxYklZD0gKg==",
      "dev": true,
      "dependencies": {
        "@types/unist": "^2.0.0"
      },
      "funding": {
        "type": "opencollective",
        "url": "https://opencollective.com/unified"
      }
    },
    "node_modules/vfile": {
      "version": "5.3.7",
      "resolved": "https://registry.npmjs.org/vfile/-/vfile-5.3.7.tgz",
      "integrity": "sha512-r7qlzkgErKjobAmyNIkkSpizsFPYiUPuJb5pNW1RB4JcYVZhs4lIbVqk8XPk033CV/1z8ss5pkax8SuhGpcG8g==",
      "dev": true,
      "dependencies": {
        "@types/unist": "^2.0.0",
        "is-buffer": "^2.0.0",
        "unist-util-stringify-position": "^3.0.0",
        "vfile-message": "^3.0.0"
      },
      "funding": {
        "type": "opencollective",
        "url": "https://opencollective.com/unified"
      }
    },
    "node_modules/vfile-message": {
      "version": "3.1.4",
      "resolved": "https://registry.npmjs.org/vfile-message/-/vfile-message-3.1.4.tgz",
      "integrity": "sha512-fa0Z6P8HUrQN4BZaX05SIVXic+7kE3b05PWAtPuYP9QLHsLKYR7/AlLW3NtOrpXRLeawpDLMsVkmk5DG0NXgWw==",
      "dev": true,
      "dependencies": {
        "@types/unist": "^2.0.0",
        "unist-util-stringify-position": "^3.0.0"
      },
      "funding": {
        "type": "opencollective",
        "url": "https://opencollective.com/unified"
      }
    }
  }
}
